
Microsoft Visual Studio Solution File, Format Version 12.00
# Visual Studio 15
VisualStudioVersion = 15.0.27428.2037
MinimumVisualStudioVersion = 10.0.40219.1
Project("{FAE04EC0-301F-11D3-BF4B-00C04F79EFBC}") = "PopupChat", "Plugin\PopupChat.csproj", "{4087F79F-DD2F-46A4-8504-024A194F594B}"
EndProject
Global
	GlobalSection(SolutionConfigurationPlatforms) = preSolution
		Debug|Any CPU = Debug|Any CPU
		Release|Any CPU = Release|Any CPU
	EndGlobalSection
	GlobalSection(ProjectConfigurationPlatforms) = postSolution
		{4087F79F-DD2F-46A4-8504-024A194F594B}.Debug|Any CPU.ActiveCfg = Debug|Any CPU
		{4087F79F-DD2F-46A4-8504-024A194F594B}.Debug|Any CPU.Build.0 = Debug|Any CPU
		{4087F79F-DD2F-46A4-8504-024A194F594B}.Release|Any CPU.ActiveCfg = Release|Any CPU
		{4087F79F-DD2F-46A4-8504-024A194F594B}.Release|Any CPU.Build.0 = Release|Any CPU
	EndGlobalSection
	GlobalSection(SolutionProperties) = preSolution
		HideSolutionNode = FALSE
	EndGlobalSection
	GlobalSection(ExtensibilityGlobals) = postSolution
		SolutionGuid = {EA3D07A9-03FB-4A40-905E-8A6BAB58D024}
	EndGlobalSection
EndGlobal
